
Microsoft Visual Studio Solution File, Format Version 12.00
# Visual Studio Version 16
VisualStudioVersion = 16.0.34114.132
MinimumVisualStudioVersion = 10.0.40219.1
Project("{FAE04EC0-301F-11D3-BF4B-00C04F79EFBC}") = "Aula02", "Aula02\Aula02.csproj", "{BE409657-DAE6-4B03-A6A6-282032460E0A}"
EndProject
Global
	GlobalSection(SolutionConfigurationPlatforms) = preSolution
		Debug|Any CPU = Debug|Any CPU
		Release|Any CPU = Release|Any CPU
	EndGlobalSection
	GlobalSection(ProjectConfigurationPlatforms) = postSolution
		{BE409657-DAE6-4B03-A6A6-282032460E0A}.Debug|Any CPU.ActiveCfg = Debug|Any CPU
		{BE409657-DAE6-4B03-A6A6-282032460E0A}.Debug|Any CPU.Build.0 = Debug|Any CPU
		{BE409657-DAE6-4B03-A6A6-282032460E0A}.Release|Any CPU.ActiveCfg = Release|Any CPU
		{BE409657-DAE6-4B03-A6A6-282032460E0A}.Release|Any CPU.Build.0 = Release|Any CPU
	EndGlobalSection
	GlobalSection(SolutionProperties) = preSolution
		HideSolutionNode = FALSE
	EndGlobalSection
	GlobalSection(ExtensibilityGlobals) = postSolution
		SolutionGuid = {7C68DEE1-E54C-4200-9E42-BCF865872306}
	EndGlobalSection
EndGlobal
